
Microsoft Visual Studio Solution File, Format Version 12.00
# Visual Studio Version 17
VisualStudioVersion = 17.13.35913.81 d17.13
MinimumVisualStudioVersion = 10.0.40219.1
Project("{FAE04EC0-301F-11D3-BF4B-00C04F79EFBC}") = "1stActivityPalpal-latoc", "1stActivityPalpal-latoc\1stActivityPalpal-latoc.csproj", "{37B6929D-B81A-4690-9E33-3B82AE1DD6C3}"
EndProject
Global
	GlobalSection(SolutionConfigurationPlatforms) = preSolution
		Debug|Any CPU = Debug|Any CPU
		Release|Any CPU = Release|Any CPU
	EndGlobalSection
	GlobalSection(ProjectConfigurationPlatforms) = postSolution
		{37B6929D-B81A-4690-9E33-3B82AE1DD6C3}.Debug|Any CPU.ActiveCfg = Debug|Any CPU
		{37B6929D-B81A-4690-9E33-3B82AE1DD6C3}.Debug|Any CPU.Build.0 = Debug|Any CPU
		{37B6929D-B81A-4690-9E33-3B82AE1DD6C3}.Release|Any CPU.ActiveCfg = Release|Any CPU
		{37B6929D-B81A-4690-9E33-3B82AE1DD6C3}.Release|Any CPU.Build.0 = Release|Any CPU
	EndGlobalSection
	GlobalSection(SolutionProperties) = preSolution
		HideSolutionNode = FALSE
	EndGlobalSection
	GlobalSection(ExtensibilityGlobals) = postSolution
		SolutionGuid = {4DB75F74-ED45-4D0F-BBB7-895E5B4CB57A}
	EndGlobalSection
EndGlobal
